
Microsoft Visual Studio Solution File, Format Version 12.00
# Visual Studio Version 17
VisualStudioVersion = 17.7.34024.191
MinimumVisualStudioVersion = 10.0.40219.1
Project("{FAE04EC0-301F-11D3-BF4B-00C04F79EFBC}") = "JWTApi", "JWTApi\JWTApi.csproj", "{F7F92A8A-3EB8-45E9-B08F-65A09A1173DE}"
EndProject
Global
	GlobalSection(SolutionConfigurationPlatforms) = preSolution
		Debug|Any CPU = Debug|Any CPU
		Release|Any CPU = Release|Any CPU
	EndGlobalSection
	GlobalSection(ProjectConfigurationPlatforms) = postSolution
		{F7F92A8A-3EB8-45E9-B08F-65A09A1173DE}.Debug|Any CPU.ActiveCfg = Debug|Any CPU
		{F7F92A8A-3EB8-45E9-B08F-65A09A1173DE}.Debug|Any CPU.Build.0 = Debug|Any CPU
		{F7F92A8A-3EB8-45E9-B08F-65A09A1173DE}.Release|Any CPU.ActiveCfg = Release|Any CPU
		{F7F92A8A-3EB8-45E9-B08F-65A09A1173DE}.Release|Any CPU.Build.0 = Release|Any CPU
	EndGlobalSection
	GlobalSection(SolutionProperties) = preSolution
		HideSolutionNode = FALSE
	EndGlobalSection
	GlobalSection(ExtensibilityGlobals) = postSolution
		SolutionGuid = {54F6ADF3-7892-4187-90C8-7BE81D204CE3}
	EndGlobalSection
EndGlobal
